PODS:
  - Alamofire (5.10.2)
  - AppStart (0.1.4):
    - AppStart/Base (= 0.1.4)
    - AppStart/BLE (= 0.1.4)
    - AppStart/Network (= 0.1.4)
    - AppStart/ProgressHUD (= 0.1.4)
    - AppStart/Sources (= 0.1.4)
    - AppStart/UIComponents (= 0.1.4)
    - AppStart/Utils (= 0.1.4)
  - AppStart/Base (0.1.4):
    - AppStart/Base/Core (= 0.1.4)
    - AppStart/Base/Extension (= 0.1.4)
    - AppStart/Base/Global (= 0.1.4)
  - AppStart/Base/Core (0.1.4):
    - AppStart/Base/Extension
    - AppStart/Base/Global
    - AppStart/Sources
    - SnapKit
  - AppStart/Base/Extension (0.1.4):
    - AppStart/Base/Global
  - AppStart/Base/Global (0.1.4)
  - AppStart/BLE (0.1.4):
    - "NSObject+Rx"
    - RxCocoa
    - RxSwift
  - AppStart/Network (0.1.4):
    - AppStart/Network/Core (= 0.1.4)
    - AppStart/Network/Utils (= 0.1.4)
    - Moya
    - ObjectMapper
    - PromiseKit
    - RxRelay
    - RxSwift
  - AppStart/Network/Core (0.1.4):
    - AppStart/ProgressHUD
    - AppStart/Sources
    - AppStart/Utils
    - Moya
    - ObjectMapper
    - PromiseKit
    - RxRelay
    - RxSwift
  - AppStart/Network/Utils (0.1.4):
    - Moya
    - ObjectMapper
    - PromiseKit
    - RxRelay
    - RxSwift
  - AppStart/ProgressHUD (0.1.4)
  - AppStart/Sources (0.1.4)
  - AppStart/UIComponents (0.1.4):
    - AppStart/UIComponents/Protocols (= 0.1.4)
    - AppStart/UIComponents/Views (= 0.1.4)
  - AppStart/UIComponents/Protocols (0.1.4):
    - AppStart/Base
    - AppStart/Sources
    - AppStart/UIComponents/Views
    - DZNEmptyDataSet
    - MJRefresh
    - RxRelay
  - AppStart/UIComponents/Views (0.1.4):
    - AppStart/Base
    - AppStart/Utils/Toolkit
    - DZNEmptyDataSet
    - Kingfisher
    - MJRefresh
    - PromiseKit
    - RxRelay
    - Toast-Swift
  - AppStart/Utils (0.1.4):
    - AppStart/Utils/AuthStatus (= 0.1.4)
    - AppStart/Utils/Logger (= 0.1.4)
    - AppStart/Utils/Reactive (= 0.1.4)
    - AppStart/Utils/Toolkit (= 0.1.4)
  - AppStart/Utils/AuthStatus (0.1.4):
    - AppStart/Base
  - AppStart/Utils/Logger (0.1.4):
    - AppStart/Base
    - AppStart/Sources
    - AppStart/Utils/Toolkit
    - CocoaLumberjack
    - RxSwift
  - AppStart/Utils/Reactive (0.1.4):
    - Kingfisher
    - RxGesture
    - RxRelay
    - RxSwift
  - AppStart/Utils/Toolkit (0.1.4):
    - AppStart/Base
    - Kingfisher
    - PromiseKit
    - Toast-Swift
  - Bugly (2.6.1)
  - CocoaLumberjack (3.9.0):
    - CocoaLumberjack/Core (= 3.9.0)
  - CocoaLumberjack/Core (3.9.0)
  - Demo (0.0.1):
    - AppStart
    - Demo/Sources (= 0.0.1)
    - Router
  - Demo/Sources (0.0.1):
    - AppStart
    - Router
  - DZNEmptyDataSet (1.8.1)
  - IQKeyboardCore (1.0.8)
  - IQKeyboardManagerSwift (8.0.1):
    - IQKeyboardManagerSwift/Appearance (= 8.0.1)
    - IQKeyboardManagerSwift/Core (= 8.0.1)
    - IQKeyboardManagerSwift/IQKeyboardReturnManager (= 8.0.1)
    - IQKeyboardManagerSwift/IQKeyboardToolbarManager (= 8.0.1)
    - IQKeyboardManagerSwift/IQTextView (= 8.0.1)
    - IQKeyboardManagerSwift/Resign (= 8.0.1)
  - IQKeyboardManagerSwift/Appearance (8.0.1):
    - IQKeyboardManagerSwift/Core
  - IQKeyboardManagerSwift/Core (8.0.1):
    - IQKeyboardNotification
    - IQTextInputViewNotification
  - IQKeyboardManagerSwift/IQKeyboardReturnManager (8.0.1):
    - IQKeyboardReturnManager
  - IQKeyboardManagerSwift/IQKeyboardToolbarManager (8.0.1):
    - IQKeyboardManagerSwift/Core
    - IQKeyboardToolbarManager
  - IQKeyboardManagerSwift/IQTextView (8.0.1):
    - IQTextView
  - IQKeyboardManagerSwift/Resign (8.0.1):
    - IQKeyboardManagerSwift/Core
  - IQKeyboardNotification (1.0.3)
  - IQKeyboardReturnManager (1.0.6):
    - IQKeyboardCore
  - IQKeyboardToolbar (1.1.2):
    - IQKeyboardToolbar/Core (= 1.1.2)
  - IQKeyboardToolbar/Core (1.1.2):
    - IQKeyboardCore
    - IQKeyboardToolbar/Placeholderable
  - IQKeyboardToolbar/Placeholderable (1.1.2)
  - IQKeyboardToolbarManager (1.1.3):
    - IQKeyboardToolbar
    - IQTextInputViewNotification
  - IQTextInputViewNotification (1.0.8):
    - IQKeyboardCore
  - IQTextView (1.0.5):
    - IQKeyboardToolbar/Placeholderable
  - Kingfisher (8.5.0)
  - KingfisherWebP (1.7.0):
    - Kingfisher (~> 8.0)
    - libwebp (>= 1.1.0)
  - libwebp (1.5.0):
    - libwebp/demux (= 1.5.0)
    - libwebp/mux (= 1.5.0)
    - libwebp/sharpyuv (= 1.5.0)
    - libwebp/webp (= 1.5.0)
  - libwebp/demux (1.5.0):
    - libwebp/webp
  - libwebp/mux (1.5.0):
    - libwebp/demux
  - libwebp/sharpyuv (1.5.0)
  - libwebp/webp (1.5.0):
    - libwebp/sharpyuv
  - MJRefresh (3.7.9)
  - MMKV (2.2.3):
    - MMKVCore (~> 2.2.3)
  - MMKVCore (2.2.3)
  - Moya (15.0.0):
    - Moya/Core (= 15.0.0)
  - Moya/Core (15.0.0):
    - Alamofire (~> 5.0)
  - "NSObject+Rx (5.2.2)":
    - RxSwift (~> 6.2)
  - ObjectMapper (4.4.2)
  - PromiseKit (8.2.0):
    - PromiseKit/CorePromise (= 8.2.0)
    - PromiseKit/Foundation (= 8.2.0)
    - PromiseKit/UIKit (= 8.2.0)
  - PromiseKit/CorePromise (8.2.0)
  - PromiseKit/Foundation (8.2.0):
    - PromiseKit/CorePromise
  - PromiseKit/UIKit (8.2.0):
    - PromiseKit/CorePromise
  - R.swift (7.8.0)
  - Router (0.0.1):
    - AppStart
    - Router/Sources (= 0.0.1)
  - Router/Sources (0.0.1):
    - AppStart
  - RxCocoa (6.9.0):
    - RxRelay (= 6.9.0)
    - RxSwift (= 6.9.0)
  - RxGesture (4.0.4):
    - RxCocoa (~> 6.0)
    - RxSwift (~> 6.0)
  - RxRelay (6.9.0):
    - RxSwift (= 6.9.0)
  - RxSwift (6.9.0)
  - SnapKit (5.7.1)
  - SwiftLint (0.61.0)
  - Toast-Swift (5.1.1)

DEPENDENCIES:
  - AppStart (= 0.1.4)
  - Bugly
  - Demo (from `./PodsRepo`)
  - DZNEmptyDataSet
  - IQKeyboardManagerSwift
  - Kingfisher (~> 8.0)
  - KingfisherWebP
  - MJRefresh
  - MMKV
  - "NSObject+Rx"
  - R.swift
  - Router (from `./PodsRepo`)
  - RxCocoa
  - RxGesture
  - RxSwift
  - SnapKit
  - SwiftLint

SPEC REPOS:
  https://github.com/CocoaPods/Specs.git:
    - Alamofire
    - AppStart
    - Bugly
    - CocoaLumberjack
    - DZNEmptyDataSet
    - IQKeyboardCore
    - IQKeyboardManagerSwift
    - IQKeyboardNotification
    - IQKeyboardReturnManager
    - IQKeyboardToolbar
    - IQKeyboardToolbarManager
    - IQTextInputViewNotification
    - IQTextView
    - Kingfisher
    - KingfisherWebP
    - libwebp
    - MJRefresh
    - MMKV
    - MMKVCore
    - Moya
    - "NSObject+Rx"
    - ObjectMapper
    - PromiseKit
    - R.swift
    - RxCocoa
    - RxGesture
    - RxRelay
    - RxSwift
    - SnapKit
    - SwiftLint
    - Toast-Swift

EXTERNAL SOURCES:
  Demo:
    :path: "./PodsRepo"
  Router:
    :path: "./PodsRepo"

SPEC CHECKSUMS:
  Alamofire: 7193b3b92c74a07f85569e1a6c4f4237291e7496
  AppStart: 423069093f9316c69d086dbcc077b324d72c9c93
  Bugly: 217ac2ce5f0f2626d43dbaa4f70764c953a26a31
  CocoaLumberjack: 5644158777912b7de7469fa881f8a3f259c2512a
  Demo: fba87876ff7833426e22b0bf158eeb38fbef1b94
  DZNEmptyDataSet: 9525833b9e68ac21c30253e1d3d7076cc828eaa7
  IQKeyboardCore: 8652977ec919cf5351aa2977fedd1a6546476fbc
  IQKeyboardManagerSwift: 835fc9c6e4732398113406d84900ad2e8f141218
  IQKeyboardNotification: d7382c4466c5a5adef92c7452ebf861b36050088
  IQKeyboardReturnManager: fcbf51fc68d7536fc1fbcca5231c4e82576b12ac
  IQKeyboardToolbar: a8aab764a27d55892b951e58ebfffdde14a01ce8
  IQKeyboardToolbarManager: 6c693c8478d6327a7ef2107528d29698b3514dbb
  IQTextInputViewNotification: f5e954d8881fd9808b744e49e024cc0d4bcfe572
  IQTextView: ae13b4922f22e6f027f62c557d9f4f236b19d5c7
  Kingfisher: ff0d31a1f07bdff6a1ebb3ba08b8e6e567b6500c
  KingfisherWebP: 42d393b312344f6f7a43f7cef6088b9c20249b64
  libwebp: 02b23773aedb6ff1fd38cec7a77b81414c6842a8
  MJRefresh: ff9e531227924c84ce459338414550a05d2aea78
  MMKV: 941e8774da0e6fdf12c6b3fcc833ca687ae5a42d
  MMKVCore: 6d5cc1bacce539f4c974985dfe646fb65a5d27d2
  Moya: 138f0573e53411fb3dc17016add0b748dfbd78ee
  "NSObject+Rx": 61cf1f7306a73dcef8b36649198af0813ec18dfd
  ObjectMapper: e6e4d91ff7f2861df7aecc536c92d8363f4c9677
  PromiseKit: 74e6ab5894856b4762fef547055c809bca91d440
  R.swift: f573269ca45b2ab066c082e363dd4c2b297b0d71
  Router: 8b37437b0426182175537c798242a98efc9b9def
  RxCocoa: ac16414696ae706516be3e1ab00fcce5bdc9be8a
  RxGesture: f3efb47ed2d26a8082f7b660d4a59970e275a7f8
  RxRelay: 6b0c930e5cef57d5fe2032571e5e65b78e3cbdb1
  RxSwift: 31649ace6aceeb422e16ff71c60804f9c3281ed9
  SnapKit: d612e99e678a2d3b95bf60b0705ed0a35c03484a
  SwiftLint: bf6da11a31c6644a0bbb27f4fa15fd9636db00b3
  Toast-Swift: 7a03a532afe3a560d4044bc7c237e2864d295173

PODFILE CHECKSUM: 332440cbbc529cf527eb79b19c9621a4516b8331

COCOAPODS: 1.16.2
